
Microsoft Visual Studio Solution File, Format Version 12.00
# Visual Studio Version 17
VisualStudioVersion = 17.11.35327.3
MinimumVisualStudioVersion = 10.0.40219.1
Project("{9A19103F-16F7-4668-BE54-9A1E7A4F7556}") = "TRIDENT_Project", "TRIDENT_Project\TRIDENT_Project.csproj", "{7CC1B2C7-3BBF-423A-886C-21770D11F15B}"
EndProject
Project("{FAE04EC0-301F-11D3-BF4B-00C04F79EFBC}") = "TRIDENT_Project_.Tests", "TRIDENT_Project_.Tests\TRIDENT_Project_.Tests.csproj", "{C3341943-FEAD-4593-8343-DE1F9858E776}"
EndProject
Global
	GlobalSection(SolutionConfigurationPlatforms) = preSolution
		Debug|Any CPU = Debug|Any CPU
		Release|Any CPU = Release|Any CPU
	EndGlobalSection
	GlobalSection(ProjectConfigurationPlatforms) = postSolution
		{7CC1B2C7-3BBF-423A-886C-21770D11F15B}.Debug|Any CPU.ActiveCfg = Debug|Any CPU
		{7CC1B2C7-3BBF-423A-886C-21770D11F15B}.Debug|Any CPU.Build.0 = Debug|Any CPU
		{7CC1B2C7-3BBF-423A-886C-21770D11F15B}.Release|Any CPU.ActiveCfg = Release|Any CPU
		{7CC1B2C7-3BBF-423A-886C-21770D11F15B}.Release|Any CPU.Build.0 = Release|Any CPU
		{C3341943-FEAD-4593-8343-DE1F9858E776}.Debug|Any CPU.ActiveCfg = Debug|Any CPU
		{C3341943-FEAD-4593-8343-DE1F9858E776}.Debug|Any CPU.Build.0 = Debug|Any CPU
		{C3341943-FEAD-4593-8343-DE1F9858E776}.Release|Any CPU.ActiveCfg = Release|Any CPU
		{C3341943-FEAD-4593-8343-DE1F9858E776}.Release|Any CPU.Build.0 = Release|Any CPU
	EndGlobalSection
	GlobalSection(SolutionProperties) = preSolution
		HideSolutionNode = FALSE
	EndGlobalSection
	GlobalSection(ExtensibilityGlobals) = postSolution
		SolutionGuid = {B0D3B6F9-5AE0-42E5-A518-B41E413E1906}
	EndGlobalSection
EndGlobal
